// !$*UTF8*$!
{
	archiveVersion = 1;
	classes = {
	};
	objectVersion = 56;
	objects = {

/* Begin PBXBuildFile section */
		8D438F0C2AAF854B00EDB95C /* LaunchScreen.storyboard in Resources */ = {isa = PBXBuildFile; fileRef = 8D438F0B2AAF854B00EDB95C /* LaunchScreen.storyboard */; };
		8D438F122AAF867700EDB95C /* LoginViewController.swift in Sources */ = {isa = PBXBuildFile; fileRef = 8D438F102AAF867700EDB95C /* LoginViewController.swift */; };
		8D438F132AAF867700EDB95C /* LoginViewController.xib in Resources */ = {isa = PBXBuildFile; fileRef = 8D438F112AAF867700EDB95C /* LoginViewController.xib */; };
		8D4566D82A9D420700AADA8B /* AppDelegate.swift in Sources */ = {isa = PBXBuildFile; fileRef = 8D4566D72A9D420700AADA8B /* AppDelegate.swift */; };
		8D4566DA2A9D420700AADA8B /* SceneDelegate.swift in Sources */ = {isa = PBXBuildFile; fileRef = 8D4566D92A9D420700AADA8B /* SceneDelegate.swift */; };
		8D4566E12A9D420900AADA8B /* Assets.xcassets in Resources */ = {isa = PBXBuildFile; fileRef = 8D4566E02A9D420900AADA8B /* Assets.xcassets */; };
		8DB76CF22AC1E69A00B5115E /* DetailViewController.swift in Sources */ = {isa = PBXBuildFile; fileRef = 8DB76CF02AC1E69A00B5115E /* DetailViewController.swift */; };
		8DB76CF32AC1E69A00B5115E /* DetailViewController.xib in Resources */ = {isa = PBXBuildFile; fileRef = 8DB76CF12AC1E69A00B5115E /* DetailViewController.xib */; };
		8DB76CFA2AC1F27D00B5115E /* TableViewCell.swift in Sources */ = {isa = PBXBuildFile; fileRef = 8DB76CF82AC1F27D00B5115E /* TableViewCell.swift */; };
		8DB76CFB2AC1F27D00B5115E /* TableViewCell.xib in Resources */ = {isa = PBXBuildFile; fileRef = 8DB76CF92AC1F27D00B5115E /* TableViewCell.xib */; };
		8DB76CFD2AC1FF4A00B5115E /* UIImage+Remote.swift in Sources */ = {isa = PBXBuildFile; fileRef = 8DB76CFC2AC1FF4A00B5115E /* UIImage+Remote.swift */; };
		8DB76CFF2AC3411300B5115E /* LocalDataModel.swift in Sources */ = {isa = PBXBuildFile; fileRef = 8DB76CFE2AC3411200B5115E /* LocalDataModel.swift */; };
		8DC0D79A2AB8519500C01A8D /* ListViewViewController.swift in Sources */ = {isa = PBXBuildFile; fileRef = 8DC0D7982AB8519500C01A8D /* ListViewViewController.swift */; };
		8DC0D79B2AB8519500C01A8D /* ListViewViewController.xib in Resources */ = {isa = PBXBuildFile; fileRef = 8DC0D7992AB8519500C01A8D /* ListViewViewController.xib */; };
		8DC0D79E2AB8C98B00C01A8D /* NetworkModel.swift in Sources */ = {isa = PBXBuildFile; fileRef = 8DC0D79D2AB8C98B00C01A8D /* NetworkModel.swift */; };
		8DC0D7A02AB8DE4800C01A8D /* Hero.swift in Sources */ = {isa = PBXBuildFile; fileRef = 8DC0D79F2AB8DE4800C01A8D /* Hero.swift */; };
		8DC0D7A22AB8EFBB00C01A8D /* Transformation.swift in Sources */ = {isa = PBXBuildFile; fileRef = 8DC0D7A12AB8EFBB00C01A8D /* Transformation.swift */; };
		8DC0D7A42ABA0F5600C01A8D /* GetTransformationBody.swift in Sources */ = {isa = PBXBuildFile; fileRef = 8DC0D7A32ABA0F5600C01A8D /* GetTransformationBody.swift */; };
		8DC0D7AC2ABA33CE00C01A8D /* DBPracticeTests.swift in Sources */ = {isa = PBXBuildFile; fileRef = 8DC0D7AB2ABA33CE00C01A8D /* DBPracticeTests.swift */; };
		8DC0D7B32ABA344700C01A8D /* NetworkModelTests.swift in Sources */ = {isa = PBXBuildFile; fileRef = 8DC0D7B22ABA344700C01A8D /* NetworkModelTests.swift */; };
/* End PBXBuildFile section */

/* Begin PBXContainerItemProxy section */
		8DC0D7AD2ABA33CE00C01A8D /* PBXContainerItemProxy */ = {
			isa = PBXContainerItemProxy;
			containerPortal = 8D4566CC2A9D420700AADA8B /* Project object */;
			proxyType = 1;
			remoteGlobalIDString = 8D4566D32A9D420700AADA8B;
			remoteInfo = DBPractice;
		};
/* End PBXContainerItemProxy section */

/* Begin PBXFileReference section */
		8D438F0B2AAF854B00EDB95C /* LaunchScreen.storyboard */ = {isa = PBXFileReference; lastKnownFileType = file.storyboard; path = LaunchScreen.storyboard; sourceTree = "<group>"; };
		8D438F102AAF867700EDB95C /* LoginViewController.swift */ = {isa = PBXFileReference; lastKnownFileType = sourcecode.swift; path = LoginViewController.swift; sourceTree = "<group>"; };
		8D438F112AAF867700EDB95C /* LoginViewController.xib */ = {isa = PBXFileReference; lastKnownFileType = file.xib; path = LoginViewController.xib; sourceTree = "<group>"; };
		8D4566D42A9D420700AADA8B /* DBPractice.app */ = {isa = PBXFileReference; explicitFileType = wrapper.application; includeInIndex = 0; path = DBPractice.app; sourceTree = BUILT_PRODUCTS_DIR; };
		8D4566D72A9D420700AADA8B /* AppDelegate.swift */ = {isa = PBXFileReference; lastKnownFileType = sourcecode.swift; path = AppDelegate.swift; sourceTree = "<group>"; };
		8D4566D92A9D420700AADA8B /* SceneDelegate.swift */ = {isa = PBXFileReference; lastKnownFileType = sourcecode.swift; path = SceneDelegate.swift; sourceTree = "<group>"; };
		8D4566E02A9D420900AADA8B /* Assets.xcassets */ = {isa = PBXFileReference; lastKnownFileType = folder.assetcatalog; path = Assets.xcassets; sourceTree = "<group>"; };
		8D4566E52A9D420900AADA8B /* Info.plist */ = {isa = PBXFileReference; lastKnownFileType = text.plist.xml; path = Info.plist; sourceTree = "<group>"; };
		8DB76CF02AC1E69A00B5115E /* DetailViewController.swift */ = {isa = PBXFileReference; lastKnownFileType = sourcecode.swift; path = DetailViewController.swift; sourceTree = "<group>"; };
		8DB76CF12AC1E69A00B5115E /* DetailViewController.xib */ = {isa = PBXFileReference; lastKnownFileType = file.xib; path = DetailViewController.xib; sourceTree = "<group>"; };
		8DB76CF82AC1F27D00B5115E /* TableViewCell.swift */ = {isa = PBXFileReference; lastKnownFileType = sourcecode.swift; path = TableViewCell.swift; sourceTree = "<group>"; };
		8DB76CF92AC1F27D00B5115E /* TableViewCell.xib */ = {isa = PBXFileReference; lastKnownFileType = file.xib; path = TableViewCell.xib; sourceTree = "<group>"; };
		8DB76CFC2AC1FF4A00B5115E /* UIImage+Remote.swift */ = {isa = PBXFileReference; lastKnownFileType = sourcecode.swift; path = "UIImage+Remote.swift"; sourceTree = "<group>"; };
		8DB76CFE2AC3411200B5115E /* LocalDataModel.swift */ = {isa = PBXFileReference; lastKnownFileType = sourcecode.swift; path = LocalDataModel.swift; sourceTree = "<group>"; };
		8DC0D7982AB8519500C01A8D /* ListViewViewController.swift */ = {isa = PBXFileReference; lastKnownFileType = sourcecode.swift; path = ListViewViewController.swift; sourceTree = "<group>"; };
		8DC0D7992AB8519500C01A8D /* ListViewViewController.xib */ = {isa = PBXFileReference; lastKnownFileType = file.xib; path = ListViewViewController.xib; sourceTree = "<group>"; };
		8DC0D79D2AB8C98B00C01A8D /* NetworkModel.swift */ = {isa = PBXFileReference; lastKnownFileType = sourcecode.swift; path = NetworkModel.swift; sourceTree = "<group>"; };
		8DC0D79F2AB8DE4800C01A8D /* Hero.swift */ = {isa = PBXFileReference; lastKnownFileType = sourcecode.swift; path = Hero.swift; sourceTree = "<group>"; };
		8DC0D7A12AB8EFBB00C01A8D /* Transformation.swift */ = {isa = PBXFileReference; lastKnownFileType = sourcecode.swift; path = Transformation.swift; sourceTree = "<group>"; };
		8DC0D7A32ABA0F5600C01A8D /* GetTransformationBody.swift */ = {isa = PBXFileReference; lastKnownFileType = sourcecode.swift; path = GetTransformationBody.swift; sourceTree = "<group>"; };
		8DC0D7A92ABA33CE00C01A8D /* DBPracticeTests.xctest */ = {isa = PBXFileReference; explicitFileType = wrapper.cfbundle; includeInIndex = 0; path = DBPracticeTests.xctest; sourceTree = BUILT_PRODUCTS_DIR; };
		8DC0D7AB2ABA33CE00C01A8D /* DBPracticeTests.swift */ = {isa = PBXFileReference; lastKnownFileType = sourcecode.swift; path = DBPracticeTests.swift; sourceTree = "<group>"; };
		8DC0D7B22ABA344700C01A8D /* NetworkModelTests.swift */ = {isa = PBXFileReference; lastKnownFileType = sourcecode.swift; path = NetworkModelTests.swift; sourceTree = "<group>"; };
/* End PBXFileReference section */

/* Begin PBXFrameworksBuildPhase section */
		8D4566D12A9D420700AADA8B /* Frameworks */ = {
			isa = PBXFrameworksBuildPhase;
			buildActionMask = 2147483647;
			files = (
			);
			runOnlyForDeploymentPostprocessing = 0;
		};
		8DC0D7A62ABA33CE00C01A8D /* Frameworks */ = {
			isa = PBXFrameworksBuildPhase;
			buildActionMask = 2147483647;
			files = (
			);
			runOnlyForDeploymentPostprocessing = 0;
		};
/* End PBXFrameworksBuildPhase section */

/* Begin PBXGroup section */
		8D438F0D2AAF862300EDB95C /* Models */ = {
			isa = PBXGroup;
			children = (
				8DC0D79D2AB8C98B00C01A8D /* NetworkModel.swift */,
				8DC0D79F2AB8DE4800C01A8D /* Hero.swift */,
				8DC0D7A12AB8EFBB00C01A8D /* Transformation.swift */,
				8DC0D7A32ABA0F5600C01A8D /* GetTransformationBody.swift */,
				8DB76CFC2AC1FF4A00B5115E /* UIImage+Remote.swift */,
				8DB76CFE2AC3411200B5115E /* LocalDataModel.swift */,
			);
			path = Models;
			sourceTree = "<group>";
		};
		8D438F0E2AAF863400EDB95C /* View */ = {
			isa = PBXGroup;
			children = (
				8DB76CF92AC1F27D00B5115E /* TableViewCell.xib */,
				8DB76CF12AC1E69A00B5115E /* DetailViewController.xib */,
				8D438F112AAF867700EDB95C /* LoginViewController.xib */,
				8DC0D7992AB8519500C01A8D /* ListViewViewController.xib */,
			);
			path = View;
			sourceTree = "<group>";
		};
		8D438F0F2AAF864100EDB95C /* Controller */ = {
			isa = PBXGroup;
			children = (
				8DC0D7982AB8519500C01A8D /* ListViewViewController.swift */,
				8D438F102AAF867700EDB95C /* LoginViewController.swift */,
				8DB76CF02AC1E69A00B5115E /* DetailViewController.swift */,
				8DB76CF82AC1F27D00B5115E /* TableViewCell.swift */,
			);
			path = Controller;
			sourceTree = "<group>";
		};
		8D4566CB2A9D420700AADA8B = {
			isa = PBXGroup;
			children = (
				8D4566D62A9D420700AADA8B /* DBPractice */,
				8DC0D7AA2ABA33CE00C01A8D /* DBPracticeTests */,
				8D4566D52A9D420700AADA8B /* Products */,
			);
			sourceTree = "<group>";
		};
		8D4566D52A9D420700AADA8B /* Products */ = {
			isa = PBXGroup;
			children = (
				8D4566D42A9D420700AADA8B /* DBPractice.app */,
				8DC0D7A92ABA33CE00C01A8D /* DBPracticeTests.xctest */,
			);
			name = Products;
			sourceTree = "<group>";
		};
		8D4566D62A9D420700AADA8B /* DBPractice */ = {
			isa = PBXGroup;
			children = (
				8D438F0F2AAF864100EDB95C /* Controller */,
				8D438F0E2AAF863400EDB95C /* View */,
				8D438F0D2AAF862300EDB95C /* Models */,
				8D4566D72A9D420700AADA8B /* AppDelegate.swift */,
				8D4566D92A9D420700AADA8B /* SceneDelegate.swift */,
				8D4566E02A9D420900AADA8B /* Assets.xcassets */,
				8D4566E52A9D420900AADA8B /* Info.plist */,
				8D438F0B2AAF854B00EDB95C /* LaunchScreen.storyboard */,
			);
			path = DBPractice;
			sourceTree = "<group>";
		};
		8DC0D7AA2ABA33CE00C01A8D /* DBPracticeTests */ = {
			isa = PBXGroup;
			children = (
				8DC0D7AB2ABA33CE00C01A8D /* DBPracticeTests.swift */,
				8DC0D7B22ABA344700C01A8D /* NetworkModelTests.swift */,
			);
			path = DBPracticeTests;
			sourceTree = "<group>";
		};
/* End PBXGroup section */

/* Begin PBXNativeTarget section */
		8D4566D32A9D420700AADA8B /* DBPractice */ = {
			isa = PBXNativeTarget;
			buildConfigurationList = 8D4566E82A9D420900AADA8B /* Build configuration list for PBXNativeTarget "DBPractice" */;
			buildPhases = (
				8D4566D02A9D420700AADA8B /* Sources */,
				8D4566D12A9D420700AADA8B /* Frameworks */,
				8D4566D22A9D420700AADA8B /* Resources */,
			);
			buildRules = (
			);
			dependencies = (
			);
			name = DBPractice;
			productName = DBPractice;
			productReference = 8D4566D42A9D420700AADA8B /* DBPractice.app */;
			productType = "com.apple.product-type.application";
		};
		8DC0D7A82ABA33CE00C01A8D /* DBPracticeTests */ = {
			isa = PBXNativeTarget;
			buildConfigurationList = 8DC0D7AF2ABA33CE00C01A8D /* Build configuration list for PBXNativeTarget "DBPracticeTests" */;
			buildPhases = (
				8DC0D7A52ABA33CE00C01A8D /* Sources */,
				8DC0D7A62ABA33CE00C01A8D /* Frameworks */,
				8DC0D7A72ABA33CE00C01A8D /* Resources */,
			);
			buildRules = (
			);
			dependencies = (
				8DC0D7AE2ABA33CE00C01A8D /* PBXTargetDependency */,
			);
			name = DBPracticeTests;
			productName = DBPracticeTests;
			productReference = 8DC0D7A92ABA33CE00C01A8D /* DBPracticeTests.xctest */;
			productType = "com.apple.product-type.bundle.unit-test";
		};
/* End PBXNativeTarget section */

/* Begin PBXProject section */
		8D4566CC2A9D420700AADA8B /* Project object */ = {
			isa = PBXProject;
			attributes = {
				BuildIndependentTargetsInParallel = 1;
				LastSwiftUpdateCheck = 1430;
				LastUpgradeCheck = 1430;
				TargetAttributes = {
					8D4566D32A9D420700AADA8B = {
						CreatedOnToolsVersion = 14.3.1;
					};
					8DC0D7A82ABA33CE00C01A8D = {
						CreatedOnToolsVersion = 14.3.1;
						TestTargetID = 8D4566D32A9D420700AADA8B;
					};
				};
			};
			buildConfigurationList = 8D4566CF2A9D420700AADA8B /* Build configuration list for PBXProject "DBPractice" */;
			compatibilityVersion = "Xcode 14.0";
			developmentRegion = en;
			hasScannedForEncodings = 0;
			knownRegions = (
				en,
				Base,
			);
			mainGroup = 8D4566CB2A9D420700AADA8B;
			productRefGroup = 8D4566D52A9D420700AADA8B /* Products */;
			projectDirPath = "";
			projectRoot = "";
			targets = (
				8D4566D32A9D420700AADA8B /* DBPractice */,
				8DC0D7A82ABA33CE00C01A8D /* DBPracticeTests */,
			);
		};
/* End PBXProject section */

/* Begin PBXResourcesBuildPhase section */
		8D4566D22A9D420700AADA8B /* Resources */ = {
			isa = PBXResourcesBuildPhase;
			buildActionMask = 2147483647;
			files = (
				8D4566E12A9D420900AADA8B /* Assets.xcassets in Resources */,
				8DB76CFB2AC1F27D00B5115E /* TableViewCell.xib in Resources */,
				8DC0D79B2AB8519500C01A8D /* ListViewViewController.xib in Resources */,
				8DB76CF32AC1E69A00B5115E /* DetailViewController.xib in Resources */,
				8D438F0C2AAF854B00EDB95C /* LaunchScreen.storyboard in Resources */,
				8D438F132AAF867700EDB95C /* LoginViewController.xib in Resources */,
			);
			runOnlyForDeploymentPostprocessing = 0;
		};
		8DC0D7A72ABA33CE00C01A8D /* Resources */ = {
			isa = PBXResourcesBuildPhase;
			buildActionMask = 2147483647;
			files = (
			);
			runOnlyForDeploymentPostprocessing = 0;
		};
/* End PBXResourcesBuildPhase section */

/* Begin PBXSourcesBuildPhase section */
		8D4566D02A9D420700AADA8B /* Sources */ = {
			isa = PBXSourcesBuildPhase;
			buildActionMask = 2147483647;
			files = (
				8DB76CF22AC1E69A00B5115E /* DetailViewController.swift in Sources */,
				8DC0D79E2AB8C98B00C01A8D /* NetworkModel.swift in Sources */,
				8D438F122AAF867700EDB95C /* LoginViewController.swift in Sources */,
				8D4566D82A9D420700AADA8B /* AppDelegate.swift in Sources */,
				8DC0D7A42ABA0F5600C01A8D /* GetTransformationBody.swift in Sources */,
				8DB76CFF2AC3411300B5115E /* LocalDataModel.swift in Sources */,
				8DB76CFA2AC1F27D00B5115E /* TableViewCell.swift in Sources */,
				8DB76CFD2AC1FF4A00B5115E /* UIImage+Remote.swift in Sources */,
				8DC0D7A02AB8DE4800C01A8D /* Hero.swift in Sources */,
				8D4566DA2A9D420700AADA8B /* SceneDelegate.swift in Sources */,
				8DC0D7A22AB8EFBB00C01A8D /* Transformation.swift in Sources */,
				8DC0D79A2AB8519500C01A8D /* ListViewViewController.swift in Sources */,
			);
			runOnlyForDeploymentPostprocessing = 0;
		};
		8DC0D7A52ABA33CE00C01A8D /* Sources */ = {
			isa = PBXSourcesBuildPhase;
			buildActionMask = 2147483647;
			files = (
				8DC0D7B32ABA344700C01A8D /* NetworkModelTests.swift in Sources */,
				8DC0D7AC2ABA33CE00C01A8D /* DBPracticeTests.swift in Sources */,
			);
			runOnlyForDeploymentPostprocessing = 0;
		};
/* End PBXSourcesBuildPhase section */

/* Begin PBXTargetDependency section */
		8DC0D7AE2ABA33CE00C01A8D /* PBXTargetDependency */ = {
			isa = PBXTargetDependency;
			target = 8D4566D32A9D420700AADA8B /* DBPractice */;
			targetProxy = 8DC0D7AD2ABA33CE00C01A8D /* PBXContainerItemProxy */;
		};
/* End PBXTargetDependency section */

/* Begin XCBuildConfiguration section */
		8D4566E62A9D420900AADA8B /* Debug */ = {
			isa = XCBuildConfiguration;
			buildSettings = {
				ALWAYS_SEARCH_USER_PATHS = NO;
				CLANG_ANALYZER_NONNULL = YES;
				CLANG_ANALYZER_NUMBER_OBJECT_CONVERSION = YES_AGGRESSIVE;
				CLANG_CXX_LANGUAGE_STANDARD = "gnu++20";
				CLANG_ENABLE_MODULES = YES;
				CLANG_ENABLE_OBJC_ARC = YES;
				CLANG_ENABLE_OBJC_WEAK = YES;
				CLANG_WARN_BLOCK_CAPTURE_AUTORELEASING = YES;
				CLANG_WARN_BOOL_CONVERSION = YES;
				CLANG_WARN_COMMA = YES;
				CLANG_WARN_CONSTANT_CONVERSION = YES;
				CLANG_WARN_DEPRECATED_OBJC_IMPLEMENTATIONS = YES;
				CLANG_WARN_DIRECT_OBJC_ISA_USAGE = YES_ERROR;
				CLANG_WARN_DOCUMENTATION_COMMENTS = YES;
				CLANG_WARN_EMPTY_BODY = YES;
				CLANG_WARN_ENUM_CONVERSION = YES;
				CLANG_WARN_INFINITE_RECURSION = YES;
				CLANG_WARN_INT_CONVERSION = YES;
				CLANG_WARN_NON_LITERAL_NULL_CONVERSION = YES;
				CLANG_WARN_OBJC_IMPLICIT_RETAIN_SELF = YES;
				CLANG_WARN_OBJC_LITERAL_CONVERSION = YES;
				CLANG_WARN_OBJC_ROOT_CLASS = YES_ERROR;
				CLANG_WARN_QUOTED_INCLUDE_IN_FRAMEWORK_HEADER = YES;
				CLANG_WARN_RANGE_LOOP_ANALYSIS = YES;
				CLANG_WARN_STRICT_PROTOTYPES = YES;
				CLANG_WARN_SUSPICIOUS_MOVE = YES;
				CLANG_WARN_UNGUARDED_AVAILABILITY = YES_AGGRESSIVE;
				CLANG_WARN_UNREACHABLE_CODE = YES;
				CLANG_WARN__DUPLICATE_METHOD_MATCH = YES;
				COPY_PHASE_STRIP = NO;
				DEBUG_INFORMATION_FORMAT = dwarf;
				ENABLE_STRICT_OBJC_MSGSEND = YES;
				ENABLE_TESTABILITY = YES;
				GCC_C_LANGUAGE_STANDARD = gnu11;
				GCC_DYNAMIC_NO_PIC = NO;
				GCC_NO_COMMON_BLOCKS = YES;
				GCC_OPTIMIZATION_LEVEL = 0;
				GCC_PREPROCESSOR_DEFINITIONS = (
					"DEBUG=1",
					"$(inherited)",
				);
				GCC_WARN_64_TO_32_BIT_CONVERSION = YES;
				GCC_WARN_ABOUT_RETURN_TYPE = YES_ERROR;
				GCC_WARN_UNDECLARED_SELECTOR = YES;
				GCC_WARN_UNINITIALIZED_AUTOS = YES_AGGRESSIVE;
				GCC_WARN_UNUSED_FUNCTION = YES;
				GCC_WARN_UNUSED_VARIABLE = YES;
				IPHONEOS_DEPLOYMENT_TARGET = 16.4;
				MTL_ENABLE_DEBUG_INFO = INCLUDE_SOURCE;
				MTL_FAST_MATH = YES;
				ONLY_ACTIVE_ARCH = YES;
				SDKROOT = iphoneos;
				SWIFT_ACTIVE_COMPILATION_CONDITIONS = DEBUG;
				SWIFT_OPTIMIZATION_LEVEL = "-Onone";
			};
			name = Debug;
		};
		8D4566E72A9D420900AADA8B /* Release */ = {
			isa = XCBuildConfiguration;
			buildSettings = {
				ALWAYS_SEARCH_USER_PATHS = NO;
				CLANG_ANALYZER_NONNULL = YES;
				CLANG_ANALYZER_NUMBER_OBJECT_CONVERSION = YES_AGGRESSIVE;
				CLANG_CXX_LANGUAGE_STANDARD = "gnu++20";
				CLANG_ENABLE_MODULES = YES;
				CLANG_ENABLE_OBJC_ARC = YES;
				CLANG_ENABLE_OBJC_WEAK = YES;
				CLANG_WARN_BLOCK_CAPTURE_AUTORELEASING = YES;
				CLANG_WARN_BOOL_CONVERSION = YES;
				CLANG_WARN_COMMA = YES;
				CLANG_WARN_CONSTANT_CONVERSION = YES;
				CLANG_WARN_DEPRECATED_OBJC_IMPLEMENTATIONS = YES;
				CLANG_WARN_DIRECT_OBJC_ISA_USAGE = YES_ERROR;
				CLANG_WARN_DOCUMENTATION_COMMENTS = YES;
				CLANG_WARN_EMPTY_BODY = YES;
				CLANG_WARN_ENUM_CONVERSION = YES;
				CLANG_WARN_INFINITE_RECURSION = YES;
				CLANG_WARN_INT_CONVERSION = YES;
				CLANG_WARN_NON_LITERAL_NULL_CONVERSION = YES;
				CLANG_WARN_OBJC_IMPLICIT_RETAIN_SELF = YES;
				CLANG_WARN_OBJC_LITERAL_CONVERSION = YES;
				CLANG_WARN_OBJC_ROOT_CLASS = YES_ERROR;
				CLANG_WARN_QUOTED_INCLUDE_IN_FRAMEWORK_HEADER = YES;
				CLANG_WARN_RANGE_LOOP_ANALYSIS = YES;
				CLANG_WARN_STRICT_PROTOTYPES = YES;
				CLANG_WARN_SUSPICIOUS_MOVE = YES;
				CLANG_WARN_UNGUARDED_AVAILABILITY = YES_AGGRESSIVE;
				CLANG_WARN_UNREACHABLE_CODE = YES;
				CLANG_WARN__DUPLICATE_METHOD_MATCH = YES;
				COPY_PHASE_STRIP = NO;
				DEBUG_INFORMATION_FORMAT = "dwarf-with-dsym";
				ENABLE_NS_ASSERTIONS = NO;
				ENABLE_STRICT_OBJC_MSGSEND = YES;
				GCC_C_LANGUAGE_STANDARD = gnu11;
				GCC_NO_COMMON_BLOCKS = YES;
				GCC_WARN_64_TO_32_BIT_CONVERSION = YES;
				GCC_WARN_ABOUT_RETURN_TYPE = YES_ERROR;
				GCC_WARN_UNDECLARED_SELECTOR = YES;
				GCC_WARN_UNINITIALIZED_AUTOS = YES_AGGRESSIVE;
				GCC_WARN_UNUSED_FUNCTION = YES;
				GCC_WARN_UNUSED_VARIABLE = YES;
				IPHONEOS_DEPLOYMENT_TARGET = 16.4;
				MTL_ENABLE_DEBUG_INFO = NO;
				MTL_FAST_MATH = YES;
				SDKROOT = iphoneos;
				SWIFT_COMPILATION_MODE = wholemodule;
				SWIFT_OPTIMIZATION_LEVEL = "-O";
				VALIDATE_PRODUCT = YES;
			};
			name = Release;
		};
		8D4566E92A9D420900AADA8B /* Debug */ = {
			isa = XCBuildConfiguration;
			buildSettings = {
				ASSETCATALOG_COMPILER_APPICON_NAME = AppIcon;
				ASSETCATALOG_COMPILER_GLOBAL_ACCENT_COLOR_NAME = AccentColor;
				CODE_SIGN_STYLE = Automatic;
				CURRENT_PROJECT_VERSION = 1;
				DEVELOPMENT_TEAM = TJMJV7ZV7T;
				GENERATE_INFOPLIST_FILE = YES;
				INFOPLIST_FILE = DBPractice/Info.plist;
				INFOPLIST_KEY_UIApplicationSupportsIndirectInputEvents = YES;
				INFOPLIST_KEY_UILaunchStoryboardName = LaunchScreen;
				INFOPLIST_KEY_UISupportedInterfaceOrientations_iPad = "UIInterfaceOrientationPortrait UIInterfaceOrientationPortraitUpsideDown UIInterfaceOrientationLandscapeLeft UIInterfaceOrientationLandscapeRight";
				INFOPLIST_KEY_UISupportedInterfaceOrientations_iPhone = "UIInterfaceOrientationPortrait UIInterfaceOrientationLandscapeLeft UIInterfaceOrientationLandscapeRight";
				LD_RUNPATH_SEARCH_PATHS = (
					"$(inherited)",
					"@executable_path/Frameworks",
				);
				MARKETING_VERSION = 1.0;
				PRODUCT_BUNDLE_IDENTIFIER = com.Marcos.DBPractice;
				PRODUCT_NAME = "$(TARGET_NAME)";
				SWIFT_EMIT_LOC_STRINGS = YES;
				SWIFT_VERSION = 5.0;
				TARGETED_DEVICE_FAMILY = "1,2";
			};
			name = Debug;
		};
		8D4566EA2A9D420900AADA8B /* Release */ = {
			isa = XCBuildConfiguration;
			buildSettings = {
				ASSETCATALOG_COMPILER_APPICON_NAME = AppIcon;
				ASSETCATALOG_COMPILER_GLOBAL_ACCENT_COLOR_NAME = AccentColor;
				CODE_SIGN_STYLE = Automatic;
				CURRENT_PROJECT_VERSION = 1;
				DEVELOPMENT_TEAM = TJMJV7ZV7T;
				GENERATE_INFOPLIST_FILE = YES;
				INFOPLIST_FILE = DBPractice/Info.plist;
				INFOPLIST_KEY_UIApplicationSupportsIndirectInputEvents = YES;
				INFOPLIST_KEY_UILaunchStoryboardName = LaunchScreen;
				INFOPLIST_KEY_UISupportedInterfaceOrientations_iPad = "UIInterfaceOrientationPortrait UIInterfaceOrientationPortraitUpsideDown UIInterfaceOrientationLandscapeLeft UIInterfaceOrientationLandscapeRight";
				INFOPLIST_KEY_UISupportedInterfaceOrientations_iPhone = "UIInterfaceOrientationPortrait UIInterfaceOrientationLandscapeLeft UIInterfaceOrientationLandscapeRight";
				LD_RUNPATH_SEARCH_PATHS = (
					"$(inherited)",
					"@executable_path/Frameworks",
				);
				MARKETING_VERSION = 1.0;
				PRODUCT_BUNDLE_IDENTIFIER = com.Marcos.DBPractice;
				PRODUCT_NAME = "$(TARGET_NAME)";
				SWIFT_EMIT_LOC_STRINGS = YES;
				SWIFT_VERSION = 5.0;
				TARGETED_DEVICE_FAMILY = "1,2";
			};
			name = Release;
		};
		8DC0D7B02ABA33CE00C01A8D /* Debug */ = {
			isa = XCBuildConfiguration;
			buildSettings = {
				BUNDLE_LOADER = "$(TEST_HOST)";
				CODE_SIGN_STYLE = Automatic;
				CURRENT_PROJECT_VERSION = 1;
				DEVELOPMENT_TEAM = TJMJV7ZV7T;
				GENERATE_INFOPLIST_FILE = YES;
				MARKETING_VERSION = 1.0;
				PRODUCT_BUNDLE_IDENTIFIER = com.Marcos.DBPracticeTests;
				PRODUCT_NAME = "$(TARGET_NAME)";
				SWIFT_EMIT_LOC_STRINGS = NO;
				SWIFT_VERSION = 5.0;
				TARGETED_DEVICE_FAMILY = "1,2";
				TEST_HOST = "$(BUILT_PRODUCTS_DIR)/DBPractice.app/$(BUNDLE_EXECUTABLE_FOLDER_PATH)/DBPractice";
			};
			name = Debug;
		};
		8DC0D7B12ABA33CE00C01A8D /* Release */ = {
			isa = XCBuildConfiguration;
			buildSettings = {
				BUNDLE_LOADER = "$(TEST_HOST)";
				CODE_SIGN_STYLE = Automatic;
				CURRENT_PROJECT_VERSION = 1;
				DEVELOPMENT_TEAM = TJMJV7ZV7T;
				GENERATE_INFOPLIST_FILE = YES;
				MARKETING_VERSION = 1.0;
				PRODUCT_BUNDLE_IDENTIFIER = com.Marcos.DBPracticeTests;
				PRODUCT_NAME = "$(TARGET_NAME)";
				SWIFT_EMIT_LOC_STRINGS = NO;
				SWIFT_VERSION = 5.0;
				TARGETED_DEVICE_FAMILY = "1,2";
				TEST_HOST = "$(BUILT_PRODUCTS_DIR)/DBPractice.app/$(BUNDLE_EXECUTABLE_FOLDER_PATH)/DBPractice";
			};
			name = Release;
		};
/* End XCBuildConfiguration section */

/* Begin XCConfigurationList section */
		8D4566CF2A9D420700AADA8B /* Build configuration list for PBXProject "DBPractice" */ = {
			isa = XCConfigurationList;
			buildConfigurations = (
				8D4566E62A9D420900AADA8B /* Debug */,
				8D4566E72A9D420900AADA8B /* Release */,
			);
			defaultConfigurationIsVisible = 0;
			defaultConfigurationName = Release;
		};
		8D4566E82A9D420900AADA8B /* Build configuration list for PBXNativeTarget "DBPractice" */ = {
			isa = XCConfigurationList;
			buildConfigurations = (
				8D4566E92A9D420900AADA8B /* Debug */,
				8D4566EA2A9D420900AADA8B /* Release */,
			);
			defaultConfigurationIsVisible = 0;
			defaultConfigurationName = Release;
		};
		8DC0D7AF2ABA33CE00C01A8D /* Build configuration list for PBXNativeTarget "DBPracticeTests" */ = {
			isa = XCConfigurationList;
			buildConfigurations = (
				8DC0D7B02ABA33CE00C01A8D /* Debug */,
				8DC0D7B12ABA33CE00C01A8D /* Release */,
			);
			defaultConfigurationIsVisible = 0;
			defaultConfigurationName = Release;
		};
/* End XCConfigurationList section */
	};
	rootObject = 8D4566CC2A9D420700AADA8B /* Project object */;
}
